
Microsoft Visual Studio Solution File, Format Version 12.00
# Visual Studio 2015
Project("{FAE04EC0-301F-11D3-BF4B-00C04F79EFBC}") = "RTS Project.CSharp.Plugins", "RTS Project.CSharp.Plugins.csproj", "{A5B79243-BCAD-B6C3-4157-1A35C7A162E6}"
EndProject
Project("{FAE04EC0-301F-11D3-BF4B-00C04F79EFBC}") = "RTS Project.CSharp", "RTS Project.CSharp.csproj", "{A59CE282-7660-51B0-2E97-49AB606C1FCD}"
EndProject
Project("{FAE04EC0-301F-11D3-BF4B-00C04F79EFBC}") = "RTS Project.CSharp.Editor", "RTS Project.CSharp.Editor.csproj", "{277C7491-F6AC-4890-5E22-1E00376CCE1C}"
EndProject
Global
	GlobalSection(SolutionConfigurationPlatforms) = preSolution
		Debug|Any CPU = Debug|Any CPU
		Release|Any CPU = Release|Any CPU
	EndGlobalSection
	GlobalSection(ProjectConfigurationPlatforms) = postSolution
		{A5B79243-BCAD-B6C3-4157-1A35C7A162E6}.Debug|Any CPU.ActiveCfg = Debug|Any CPU
		{A5B79243-BCAD-B6C3-4157-1A35C7A162E6}.Debug|Any CPU.Build.0 = Debug|Any CPU
		{A5B79243-BCAD-B6C3-4157-1A35C7A162E6}.Release|Any CPU.ActiveCfg = Release|Any CPU
		{A5B79243-BCAD-B6C3-4157-1A35C7A162E6}.Release|Any CPU.Build.0 = Release|Any CPU
		{A59CE282-7660-51B0-2E97-49AB606C1FCD}.Debug|Any CPU.ActiveCfg = Debug|Any CPU
		{A59CE282-7660-51B0-2E97-49AB606C1FCD}.Debug|Any CPU.Build.0 = Debug|Any CPU
		{A59CE282-7660-51B0-2E97-49AB606C1FCD}.Release|Any CPU.ActiveCfg = Release|Any CPU
		{A59CE282-7660-51B0-2E97-49AB606C1FCD}.Release|Any CPU.Build.0 = Release|Any CPU
		{277C7491-F6AC-4890-5E22-1E00376CCE1C}.Debug|Any CPU.ActiveCfg = Debug|Any CPU
		{277C7491-F6AC-4890-5E22-1E00376CCE1C}.Debug|Any CPU.Build.0 = Debug|Any CPU
		{277C7491-F6AC-4890-5E22-1E00376CCE1C}.Release|Any CPU.ActiveCfg = Release|Any CPU
		{277C7491-F6AC-4890-5E22-1E00376CCE1C}.Release|Any CPU.Build.0 = Release|Any CPU
	EndGlobalSection
	GlobalSection(SolutionProperties) = preSolution
		HideSolutionNode = FALSE
	EndGlobalSection
EndGlobal
